
Microsoft Visual Studio Solution File, Format Version 12.00
# Visual Studio Version 17
VisualStudioVersion = 17.1.32421.90
MinimumVisualStudioVersion = 10.0.40219.1
Project("{9A19103F-16F7-4668-BE54-9A1E7A4F7556}") = "X-labs-BeerQuest.Api", "X-labs-BeerQuest.Api\X-labs-BeerQuest.Api.csproj", "{F0270B59-FB5F-4A4C-A06B-A2367D42D3EB}"
EndProject
Project("{9A19103F-16F7-4668-BE54-9A1E7A4F7556}") = "X-labs-BeerQuest.IntegrationTests", "X-labs-BeerQuest.IntegrationTests\X-labs-BeerQuest.IntegrationTests.csproj", "{1CA1094E-AEC9-445A-BBE9-221DF3A17BA9}"
EndProject
Project("{2150E333-8FDC-42A3-9474-1A3956D46DE8}") = "Solution Items", "Solution Items", "{66DA9E7A-0241-4CB4-9AB3-1FFAF395C13E}"
	ProjectSection(SolutionItems) = preProject
		.editorconfig = .editorconfig
	EndProjectSection
EndProject
Project("{FAE04EC0-301F-11D3-BF4B-00C04F79EFBC}") = "X-labs-BeerQuest.UnitTests", "X-labs-BeerQuest.UnitTests\X-labs-BeerQuest.UnitTests.csproj", "{46720D2F-C6E6-41E8-BAB6-508FB112F53D}"
EndProject
Project("{FAE04EC0-301F-11D3-BF4B-00C04F79EFBC}") = "X-labs-BeerQuest.Domain", "X-labs-BeerQuest.Domain\X-labs-BeerQuest.Domain.csproj", "{D2EBE443-1675-4A75-BADF-F0D032EE307D}"
EndProject
Global
	GlobalSection(SolutionConfigurationPlatforms) = preSolution
		Debug|Any CPU = Debug|Any CPU
		Release|Any CPU = Release|Any CPU
	EndGlobalSection
	GlobalSection(ProjectConfigurationPlatforms) = postSolution
		{F0270B59-FB5F-4A4C-A06B-A2367D42D3EB}.Debug|Any CPU.ActiveCfg = Debug|Any CPU
		{F0270B59-FB5F-4A4C-A06B-A2367D42D3EB}.Debug|Any CPU.Build.0 = Debug|Any CPU
		{F0270B59-FB5F-4A4C-A06B-A2367D42D3EB}.Release|Any CPU.ActiveCfg = Release|Any CPU
		{F0270B59-FB5F-4A4C-A06B-A2367D42D3EB}.Release|Any CPU.Build.0 = Release|Any CPU
		{1CA1094E-AEC9-445A-BBE9-221DF3A17BA9}.Debug|Any CPU.ActiveCfg = Debug|Any CPU
		{1CA1094E-AEC9-445A-BBE9-221DF3A17BA9}.Debug|Any CPU.Build.0 = Debug|Any CPU
		{1CA1094E-AEC9-445A-BBE9-221DF3A17BA9}.Release|Any CPU.ActiveCfg = Release|Any CPU
		{1CA1094E-AEC9-445A-BBE9-221DF3A17BA9}.Release|Any CPU.Build.0 = Release|Any CPU
		{46720D2F-C6E6-41E8-BAB6-508FB112F53D}.Debug|Any CPU.ActiveCfg = Debug|Any CPU
		{46720D2F-C6E6-41E8-BAB6-508FB112F53D}.Debug|Any CPU.Build.0 = Debug|Any CPU
		{46720D2F-C6E6-41E8-BAB6-508FB112F53D}.Release|Any CPU.ActiveCfg = Release|Any CPU
		{46720D2F-C6E6-41E8-BAB6-508FB112F53D}.Release|Any CPU.Build.0 = Release|Any CPU
		{D2EBE443-1675-4A75-BADF-F0D032EE307D}.Debug|Any CPU.ActiveCfg = Debug|Any CPU
		{D2EBE443-1675-4A75-BADF-F0D032EE307D}.Debug|Any CPU.Build.0 = Debug|Any CPU
		{D2EBE443-1675-4A75-BADF-F0D032EE307D}.Release|Any CPU.ActiveCfg = Release|Any CPU
		{D2EBE443-1675-4A75-BADF-F0D032EE307D}.Release|Any CPU.Build.0 = Release|Any CPU
	EndGlobalSection
	GlobalSection(SolutionProperties) = preSolution
		HideSolutionNode = FALSE
	EndGlobalSection
	GlobalSection(ExtensibilityGlobals) = postSolution
		SolutionGuid = {6D1C0750-F7E0-4C19-898A-D46FE35ECA48}
	EndGlobalSection
EndGlobal
